// !$*UTF8*$!
{
	archiveVersion = 1;
	classes = {
	};
	objectVersion = 46;
	objects = {

/* Begin PBXBuildFile section */
		2A9166FF21064ECE00152DD3 /* JWPlayer_iOS_SDK.framework in Frameworks */ = {isa = PBXBuildFile; fileRef = 2A9166FD21064DE100152DD3 /* JWPlayer_iOS_SDK.framework */; };
		2AA52BE726C144B200AD26AE /* RNJWPlayerViewManager.m in Sources */ = {isa = PBXBuildFile; fileRef = 2AA52BE226C144B200AD26AE /* RNJWPlayerViewManager.m */; };
		3BC75FCC1E43B1DB0011FBAA /* UIKit.framework in Frameworks */ = {isa = PBXBuildFile; fileRef = 3BC75FCB1E43B1DB0011FBAA /* UIKit.framework */; };
		3BC75FD11E43B3090011FBAA /* Foundation.framework in Frameworks */ = {isa = PBXBuildFile; fileRef = 3BC75FD01E43B3090011FBAA /* Foundation.framework */; };
		860F49FA2B38AD1D00D0FCC4 /* RNJWPlayerAds.swift in Sources */ = {isa = PBXBuildFile; fileRef = 860F49F92B38AD1D00D0FCC4 /* RNJWPlayerAds.swift */; };
		86182A312B2AFA170040739A /* RNJWPlayerModels.swift in Sources */ = {isa = PBXBuildFile; fileRef = 86182A302B2AFA170040739A /* RNJWPlayerModels.swift */; };
		8650D60D2B1CD21000DD1C7E /* RNJWPlayerView.swift in Sources */ = {isa = PBXBuildFile; fileRef = 8650D60C2B1CD21000DD1C7E /* RNJWPlayerView.swift */; };
		8650D61E2B1D1E1E00DD1C7E /* RNJWPlayerViewController.swift in Sources */ = {isa = PBXBuildFile; fileRef = 8650D6192B1D1E1E00DD1C7E /* RNJWPlayerViewController.swift */; };
		8650D61F2B1D1E1E00DD1C7E /* RCTConvert+RNJWPlayer.swift in Sources */ = {isa = PBXBuildFile; fileRef = 8650D61A2B1D1E1E00DD1C7E /* RCTConvert+RNJWPlayer.swift */; };
		8650D6202B1D1E1E00DD1C7E /* RNJWPlayerViewManager.swift in Sources */ = {isa = PBXBuildFile; fileRef = 8650D61B2B1D1E1E00DD1C7E /* RNJWPlayerViewManager.swift */; };
/* End PBXBuildFile section */

/* Begin PBXCopyFilesBuildPhase section */
		58B511D91A9E6C8500147676 /* CopyFiles */ = {
			isa = PBXCopyFilesBuildPhase;
			buildActionMask = 2147483647;
			dstPath = "include/$(PRODUCT_NAME)";
			dstSubfolderSpec = 16;
			files = (
			);
			runOnlyForDeploymentPostprocessing = 0;
		};
/* End PBXCopyFilesBuildPhase section */

/* Begin PBXFileReference section */
		134814201AA4EA6300B7C361 /* libRNJWPlayer.a */ = {isa = PBXFileReference; explicitFileType = archive.ar; includeInIndex = 0; path = libRNJWPlayer.a; sourceTree = BUILT_PRODUCTS_DIR; };
		2A9166FD21064DE100152DD3 /* JWPlayer_iOS_SDK.framework */ = {isa = PBXFileReference; lastKnownFileType = wrapper.framework; name = JWPlayer_iOS_SDK.framework; path = "../../../ios/Pods/JWPlayer-SDK/JWPlayer_iOS_SDK.framework"; sourceTree = "<group>"; };
		2AA52BE226C144B200AD26AE /* RNJWPlayerViewManager.m */ = {isa = PBXFileReference; fileEncoding = 4; lastKnownFileType = sourcecode.c.objc; name = RNJWPlayerViewManager.m; path = RNJWPlayer/RNJWPlayerViewManager.m; sourceTree = "<group>"; };
		3BC75FCB1E43B1DB0011FBAA /* UIKit.framework */ = {isa = PBXFileReference; lastKnownFileType = wrapper.framework; name = UIKit.framework; path = System/Library/Frameworks/UIKit.framework; sourceTree = SDKROOT; };
		3BC75FD01E43B3090011FBAA /* Foundation.framework */ = {isa = PBXFileReference; lastKnownFileType = wrapper.framework; name = Foundation.framework; path = System/Library/Frameworks/Foundation.framework; sourceTree = SDKROOT; };
		860F49F92B38AD1D00D0FCC4 /* RNJWPlayerAds.swift */ = {isa = PBXFileReference; lastKnownFileType = sourcecode.swift; name = RNJWPlayerAds.swift; path = RNJWPlayer/RNJWPlayerAds.swift; sourceTree = "<group>"; };
		86182A302B2AFA170040739A /* RNJWPlayerModels.swift */ = {isa = PBXFileReference; lastKnownFileType = sourcecode.swift; name = RNJWPlayerModels.swift; path = RNJWPlayer/RNJWPlayerModels.swift; sourceTree = "<group>"; };
		86182A322B2AFA660040739A /* RNJWPlayer-Bridging-Header.h */ = {isa = PBXFileReference; fileEncoding = 4; lastKnownFileType = sourcecode.c.h; name = "RNJWPlayer-Bridging-Header.h"; path = "RNJWPlayer/RNJWPlayer-Bridging-Header.h"; sourceTree = "<group>"; };
		8650D60C2B1CD21000DD1C7E /* RNJWPlayerView.swift */ = {isa = PBXFileReference; fileEncoding = 4; lastKnownFileType = sourcecode.swift; name = RNJWPlayerView.swift; path = RNJWPlayer/RNJWPlayerView.swift; sourceTree = "<group>"; };
		8650D6192B1D1E1E00DD1C7E /* RNJWPlayerViewController.swift */ = {isa = PBXFileReference; fileEncoding = 4; lastKnownFileType = sourcecode.swift; name = RNJWPlayerViewController.swift; path = RNJWPlayer/RNJWPlayerViewController.swift; sourceTree = "<group>"; };
		8650D61A2B1D1E1E00DD1C7E /* RCTConvert+RNJWPlayer.swift */ = {isa = PBXFileReference; fileEncoding = 4; lastKnownFileType = sourcecode.swift; name = "RCTConvert+RNJWPlayer.swift"; path = "RNJWPlayer/RCTConvert+RNJWPlayer.swift"; sourceTree = "<group>"; };
		8650D61B2B1D1E1E00DD1C7E /* RNJWPlayerViewManager.swift */ = {isa = PBXFileReference; fileEncoding = 4; lastKnownFileType = sourcecode.swift; name = RNJWPlayerViewManager.swift; path = RNJWPlayer/RNJWPlayerViewManager.swift; sourceTree = "<group>"; };
/* End PBXFileReference section */

/* Begin PBXFrameworksBuildPhase section */
		58B511D81A9E6C8500147676 /* Frameworks */ = {
			isa = PBXFrameworksBuildPhase;
			buildActionMask = 2147483647;
			files = (
				3BC75FD11E43B3090011FBAA /* Foundation.framework in Frameworks */,
				3BC75FCC1E43B1DB0011FBAA /* UIKit.framework in Frameworks */,
				2A9166FF21064ECE00152DD3 /* JWPlayer_iOS_SDK.framework in Frameworks */,
			);
			runOnlyForDeploymentPostprocessing = 0;
		};
/* End PBXFrameworksBuildPhase section */

/* Begin PBXGroup section */
		134814211AA4EA7D00B7C361 /* Products */ = {
			isa = PBXGroup;
			children = (
				134814201AA4EA6300B7C361 /* libRNJWPlayer.a */,
			);
			name = Products;
			sourceTree = "<group>";
		};
		3BC75FCA1E43B1DB0011FBAA /* Frameworks */ = {
			isa = PBXGroup;
			children = (
				2A9166FD21064DE100152DD3 /* JWPlayer_iOS_SDK.framework */,
				3BC75FD01E43B3090011FBAA /* Foundation.framework */,
				3BC75FCB1E43B1DB0011FBAA /* UIKit.framework */,
			);
			name = Frameworks;
			sourceTree = "<group>";
		};
		58B511D21A9E6C8500147676 = {
			isa = PBXGroup;
			children = (
				860F49F92B38AD1D00D0FCC4 /* RNJWPlayerAds.swift */,
				86182A322B2AFA660040739A /* RNJWPlayer-Bridging-Header.h */,
				2AA52BE226C144B200AD26AE /* RNJWPlayerViewManager.m */,
				8650D61B2B1D1E1E00DD1C7E /* RNJWPlayerViewManager.swift */,
				86182A302B2AFA170040739A /* RNJWPlayerModels.swift */,
				8650D60C2B1CD21000DD1C7E /* RNJWPlayerView.swift */,
				8650D6192B1D1E1E00DD1C7E /* RNJWPlayerViewController.swift */,
				8650D61A2B1D1E1E00DD1C7E /* RCTConvert+RNJWPlayer.swift */,
				134814211AA4EA7D00B7C361 /* Products */,
				3BC75FCA1E43B1DB0011FBAA /* Frameworks */,
			);
			sourceTree = "<group>";
		};
/* End PBXGroup section */

/* Begin PBXNativeTarget section */
		58B511DA1A9E6C8500147676 /* RNJWPlayer */ = {
			isa = PBXNativeTarget;
			buildConfigurationList = 58B511EF1A9E6C8500147676 /* Build configuration list for PBXNativeTarget "RNJWPlayer" */;
			buildPhases = (
				58B511D71A9E6C8500147676 /* Sources */,
				58B511D81A9E6C8500147676 /* Frameworks */,
				58B511D91A9E6C8500147676 /* CopyFiles */,
			);
			buildRules = (
			);
			dependencies = (
			);
			name = RNJWPlayer;
			productName = RCTDataManager;
			productReference = 134814201AA4EA6300B7C361 /* libRNJWPlayer.a */;
			productType = "com.apple.product-type.library.static";
		};
/* End PBXNativeTarget section */

/* Begin PBXProject section */
		58B511D31A9E6C8500147676 /* Project object */ = {
			isa = PBXProject;
			attributes = {
				LastUpgradeCheck = 0610;
				ORGANIZATIONNAME = Facebook;
				TargetAttributes = {
					58B511DA1A9E6C8500147676 = {
						CreatedOnToolsVersion = 6.1.1;
						LastSwiftMigration = 1410;
					};
				};
			};
			buildConfigurationList = 58B511D61A9E6C8500147676 /* Build configuration list for PBXProject "RNJWPlayer" */;
			compatibilityVersion = "Xcode 3.2";
			developmentRegion = English;
			hasScannedForEncodings = 0;
			knownRegions = (
				English,
				en,
			);
			mainGroup = 58B511D21A9E6C8500147676;
			productRefGroup = 58B511D21A9E6C8500147676;
			projectDirPath = "";
			projectRoot = "";
			targets = (
				58B511DA1A9E6C8500147676 /* RNJWPlayer */,
			);
		};
/* End PBXProject section */

/* Begin PBXSourcesBuildPhase section */
		58B511D71A9E6C8500147676 /* Sources */ = {
			isa = PBXSourcesBuildPhase;
			buildActionMask = 2147483647;
			files = (
				8650D6202B1D1E1E00DD1C7E /* RNJWPlayerViewManager.swift in Sources */,
				8650D61F2B1D1E1E00DD1C7E /* RCTConvert+RNJWPlayer.swift in Sources */,
				8650D61E2B1D1E1E00DD1C7E /* RNJWPlayerViewController.swift in Sources */,
				8650D60D2B1CD21000DD1C7E /* RNJWPlayerView.swift in Sources */,
				2AA52BE726C144B200AD26AE /* RNJWPlayerViewManager.m in Sources */,
				860F49FA2B38AD1D00D0FCC4 /* RNJWPlayerAds.swift in Sources */,
				86182A312B2AFA170040739A /* RNJWPlayerModels.swift in Sources */,
			);
			runOnlyForDeploymentPostprocessing = 0;
		};
/* End PBXSourcesBuildPhase section */

/* Begin XCBuildConfiguration section */
		58B511ED1A9E6C8500147676 /* Debug */ = {
			isa = XCBuildConfiguration;
			buildSettings = {
				ALWAYS_SEARCH_USER_PATHS = NO;
				CLANG_CXX_LANGUAGE_STANDARD = "gnu++0x";
				CLANG_CXX_LIBRARY = "libc++";
				CLANG_ENABLE_MODULES = YES;
				CLANG_ENABLE_OBJC_ARC = YES;
				CLANG_WARN_BOOL_CONVERSION = YES;
				CLANG_WARN_CONSTANT_CONVERSION = YES;
				CLANG_WARN_DIRECT_OBJC_ISA_USAGE = YES_ERROR;
				CLANG_WARN_EMPTY_BODY = YES;
				CLANG_WARN_ENUM_CONVERSION = YES;
				CLANG_WARN_INT_CONVERSION = YES;
				CLANG_WARN_OBJC_ROOT_CLASS = YES_ERROR;
				CLANG_WARN_UNREACHABLE_CODE = YES;
				CLANG_WARN__DUPLICATE_METHOD_MATCH = YES;
				COPY_PHASE_STRIP = NO;
				ENABLE_STRICT_OBJC_MSGSEND = YES;
				GCC_C_LANGUAGE_STANDARD = gnu99;
				GCC_DYNAMIC_NO_PIC = NO;
				GCC_OPTIMIZATION_LEVEL = 0;
				GCC_PREPROCESSOR_DEFINITIONS = (
					"DEBUG=1",
					"$(inherited)",
				);
				GCC_SYMBOLS_PRIVATE_EXTERN = NO;
				GCC_WARN_64_TO_32_BIT_CONVERSION = YES;
				GCC_WARN_ABOUT_RETURN_TYPE = YES_ERROR;
				GCC_WARN_UNDECLARED_SELECTOR = YES;
				GCC_WARN_UNINITIALIZED_AUTOS = YES_AGGRESSIVE;
				GCC_WARN_UNUSED_FUNCTION = YES;
				GCC_WARN_UNUSED_VARIABLE = YES;
				IPHONEOS_DEPLOYMENT_TARGET = 7.0;
				MTL_ENABLE_DEBUG_INFO = YES;
				ONLY_ACTIVE_ARCH = YES;
				SDKROOT = iphoneos;
			};
			name = Debug;
		};
		58B511EE1A9E6C8500147676 /* Release */ = {
			isa = XCBuildConfiguration;
			buildSettings = {
				ALWAYS_SEARCH_USER_PATHS = NO;
				CLANG_CXX_LANGUAGE_STANDARD = "gnu++0x";
				CLANG_CXX_LIBRARY = "libc++";
				CLANG_ENABLE_MODULES = YES;
				CLANG_ENABLE_OBJC_ARC = YES;
				CLANG_WARN_BOOL_CONVERSION = YES;
				CLANG_WARN_CONSTANT_CONVERSION = YES;
				CLANG_WARN_DIRECT_OBJC_ISA_USAGE = YES_ERROR;
				CLANG_WARN_EMPTY_BODY = YES;
				CLANG_WARN_ENUM_CONVERSION = YES;
				CLANG_WARN_INT_CONVERSION = YES;
				CLANG_WARN_OBJC_ROOT_CLASS = YES_ERROR;
				CLANG_WARN_UNREACHABLE_CODE = YES;
				CLANG_WARN__DUPLICATE_METHOD_MATCH = YES;
				COPY_PHASE_STRIP = YES;
				ENABLE_NS_ASSERTIONS = NO;
				ENABLE_STRICT_OBJC_MSGSEND = YES;
				GCC_C_LANGUAGE_STANDARD = gnu99;
				GCC_WARN_64_TO_32_BIT_CONVERSION = YES;
				GCC_WARN_ABOUT_RETURN_TYPE = YES_ERROR;
				GCC_WARN_UNDECLARED_SELECTOR = YES;
				GCC_WARN_UNINITIALIZED_AUTOS = YES_AGGRESSIVE;
				GCC_WARN_UNUSED_FUNCTION = YES;
				GCC_WARN_UNUSED_VARIABLE = YES;
				IPHONEOS_DEPLOYMENT_TARGET = 7.0;
				MTL_ENABLE_DEBUG_INFO = NO;
				SDKROOT = iphoneos;
				VALIDATE_PRODUCT = YES;
			};
			name = Release;
		};
		58B511F01A9E6C8500147676 /* Debug */ = {
			isa = XCBuildConfiguration;
			buildSettings = {
				CLANG_ENABLE_MODULES = YES;
				FRAMEWORK_SEARCH_PATHS = (
					"$(inherited)",
					"$(SRCROOT)/../../../ios/**",
					"~/Documents/JWPlayer-SDK",
				);
				HEADER_SEARCH_PATHS = (
					"$(inherited)",
					/Applications/Xcode.app/Contents/Developer/Toolchains/XcodeDefault.xctoolchain/usr/include,
					"$(SRCROOT)/../../react-native/React/**",
					"$(SRCROOT)/../../react-native/React",
				);
				LD_RUNPATH_SEARCH_PATHS = "$(inherited) @executable_path/Frameworks @loader_path/Frameworks";
				LIBRARY_SEARCH_PATHS = "";
				OTHER_LDFLAGS = (
					"-ObjC",
					"-all_load",
				);
				PRODUCT_NAME = RNJWPlayer;
				SKIP_INSTALL = YES;
				SWIFT_OBJC_BRIDGING_HEADER = "RNJWPlayer-Bridging-Header.h";
				SWIFT_OPTIMIZATION_LEVEL = "-Onone";
				SWIFT_VERSION = 5.0;
			};
			name = Debug;
		};
		58B511F11A9E6C8500147676 /* Release */ = {
			isa = XCBuildConfiguration;
			buildSettings = {
				CLANG_ENABLE_MODULES = YES;
				FRAMEWORK_SEARCH_PATHS = (
					"$(inherited)",
					"$(SRCROOT)/../../../ios/**",
					"~/Documents/JWPlayer-SDK",
				);
				HEADER_SEARCH_PATHS = (
					"$(inherited)",
					/Applications/Xcode.app/Contents/Developer/Toolchains/XcodeDefault.xctoolchain/usr/include,
					"$(SRCROOT)/../../react-native/React/**",
					"$(SRCROOT)/../../react-native/React",
				);
				LD_RUNPATH_SEARCH_PATHS = "$(inherited) @executable_path/Frameworks @loader_path/Frameworks";
				LIBRARY_SEARCH_PATHS = "";
				OTHER_LDFLAGS = (
					"-ObjC",
					"-all_load",
				);
				PRODUCT_NAME = RNJWPlayer;
				SKIP_INSTALL = YES;
				SWIFT_OBJC_BRIDGING_HEADER = "RNJWPlayer-Bridging-Header.h";
				SWIFT_VERSION = 5.0;
			};
			name = Release;
		};
/* End XCBuildConfiguration section */

/* Begin XCConfigurationList section */
		58B511D61A9E6C8500147676 /* Build configuration list for PBXProject "RNJWPlayer" */ = {
			isa = XCConfigurationList;
			buildConfigurations = (
				58B511ED1A9E6C8500147676 /* Debug */,
				58B511EE1A9E6C8500147676 /* Release */,
			);
			defaultConfigurationIsVisible = 0;
			defaultConfigurationName = Release;
		};
		58B511EF1A9E6C8500147676 /* Build configuration list for PBXNativeTarget "RNJWPlayer" */ = {
			isa = XCConfigurationList;
			buildConfigurations = (
				58B511F01A9E6C8500147676 /* Debug */,
				58B511F11A9E6C8500147676 /* Release */,
			);
			defaultConfigurationIsVisible = 0;
			defaultConfigurationName = Release;
		};
/* End XCConfigurationList section */
	};
	rootObject = 58B511D31A9E6C8500147676 /* Project object */;
}
